
Microsoft Visual Studio Solution File, Format Version 12.00
# Visual Studio Version 17
VisualStudioVersion = 17.8.34330.188
MinimumVisualStudioVersion = 10.0.40219.1
Project("{FAE04EC0-301F-11D3-BF4B-00C04F79EFBC}") = "Lesson1-1", "Lesson1-1\Lesson1-1.csproj", "{827F85E9-E2ED-4C65-9FEC-F90EF2E1FF6A}"
EndProject
Project("{FAE04EC0-301F-11D3-BF4B-00C04F79EFBC}") = "Ex1Solution", "Ex1Solution\Ex1Solution.csproj", "{6BCEBC1F-9381-4232-B6D0-52D39F5D2A03}"
EndProject
Project("{FAE04EC0-301F-11D3-BF4B-00C04F79EFBC}") = "Arrays", "Arrays\Arrays.csproj", "{5B666715-B9D0-4808-9534-96FDD4D1D915}"
EndProject
Project("{FAE04EC0-301F-11D3-BF4B-00C04F79EFBC}") = "Methods", "Methods\Methods.csproj", "{87D85220-C11E-4AED-87FD-4B3F8A5DF148}"
EndProject
Project("{FAE04EC0-301F-11D3-BF4B-00C04F79EFBC}") = "Ex2Solution", "Ex2Solution\Ex2Solution.csproj", "{B2E40436-EAAD-49E5-82E6-A4AE74C8D0B3}"
EndProject
Project("{FAE04EC0-301F-11D3-BF4B-00C04F79EFBC}") = "Casting", "Casting\Casting.csproj", "{C5305A65-C8B6-42CD-AAFB-D4ACE0CD330E}"
EndProject
Global
	GlobalSection(SolutionConfigurationPlatforms) = preSolution
		Debug|Any CPU = Debug|Any CPU
		Release|Any CPU = Release|Any CPU
	EndGlobalSection
	GlobalSection(ProjectConfigurationPlatforms) = postSolution
		{827F85E9-E2ED-4C65-9FEC-F90EF2E1FF6A}.Debug|Any CPU.ActiveCfg = Debug|Any CPU
		{827F85E9-E2ED-4C65-9FEC-F90EF2E1FF6A}.Debug|Any CPU.Build.0 = Debug|Any CPU
		{827F85E9-E2ED-4C65-9FEC-F90EF2E1FF6A}.Release|Any CPU.ActiveCfg = Release|Any CPU
		{827F85E9-E2ED-4C65-9FEC-F90EF2E1FF6A}.Release|Any CPU.Build.0 = Release|Any CPU
		{6BCEBC1F-9381-4232-B6D0-52D39F5D2A03}.Debug|Any CPU.ActiveCfg = Debug|Any CPU
		{6BCEBC1F-9381-4232-B6D0-52D39F5D2A03}.Debug|Any CPU.Build.0 = Debug|Any CPU
		{6BCEBC1F-9381-4232-B6D0-52D39F5D2A03}.Release|Any CPU.ActiveCfg = Release|Any CPU
		{6BCEBC1F-9381-4232-B6D0-52D39F5D2A03}.Release|Any CPU.Build.0 = Release|Any CPU
		{5B666715-B9D0-4808-9534-96FDD4D1D915}.Debug|Any CPU.ActiveCfg = Debug|Any CPU
		{5B666715-B9D0-4808-9534-96FDD4D1D915}.Debug|Any CPU.Build.0 = Debug|Any CPU
		{5B666715-B9D0-4808-9534-96FDD4D1D915}.Release|Any CPU.ActiveCfg = Release|Any CPU
		{5B666715-B9D0-4808-9534-96FDD4D1D915}.Release|Any CPU.Build.0 = Release|Any CPU
		{87D85220-C11E-4AED-87FD-4B3F8A5DF148}.Debug|Any CPU.ActiveCfg = Debug|Any CPU
		{87D85220-C11E-4AED-87FD-4B3F8A5DF148}.Debug|Any CPU.Build.0 = Debug|Any CPU
		{87D85220-C11E-4AED-87FD-4B3F8A5DF148}.Release|Any CPU.ActiveCfg = Release|Any CPU
		{87D85220-C11E-4AED-87FD-4B3F8A5DF148}.Release|Any CPU.Build.0 = Release|Any CPU
		{B2E40436-EAAD-49E5-82E6-A4AE74C8D0B3}.Debug|Any CPU.ActiveCfg = Debug|Any CPU
		{B2E40436-EAAD-49E5-82E6-A4AE74C8D0B3}.Debug|Any CPU.Build.0 = Debug|Any CPU
		{B2E40436-EAAD-49E5-82E6-A4AE74C8D0B3}.Release|Any CPU.ActiveCfg = Release|Any CPU
		{B2E40436-EAAD-49E5-82E6-A4AE74C8D0B3}.Release|Any CPU.Build.0 = Release|Any CPU
		{C5305A65-C8B6-42CD-AAFB-D4ACE0CD330E}.Debug|Any CPU.ActiveCfg = Debug|Any CPU
		{C5305A65-C8B6-42CD-AAFB-D4ACE0CD330E}.Debug|Any CPU.Build.0 = Debug|Any CPU
		{C5305A65-C8B6-42CD-AAFB-D4ACE0CD330E}.Release|Any CPU.ActiveCfg = Release|Any CPU
		{C5305A65-C8B6-42CD-AAFB-D4ACE0CD330E}.Release|Any CPU.Build.0 = Release|Any CPU
	EndGlobalSection
	GlobalSection(SolutionProperties) = preSolution
		HideSolutionNode = FALSE
	EndGlobalSection
	GlobalSection(ExtensibilityGlobals) = postSolution
		SolutionGuid = {236204F4-9E24-4659-9DFA-53DA431E49D0}
	EndGlobalSection
EndGlobal
